{
  "nodes": {
    "accela": {
      "flake": false,
      "locked": {
        "narHash": "sha256-tAyIIBbqVLP9c1WpUjFUsVYmGdRg6kz4vXqLXXJpPEk=",
        "type": "file",
        "url": "https://github.com/ciscosweater/enter-the-wired/releases/download/latest/deps.tar.gz"
      },
      "original": {
        "type": "file",
        "url": "https://github.com/ciscosweater/enter-the-wired/releases/download/latest/deps.tar.gz"
      }
    },
    "cloudredirect": {
      "flake": false,
      "locked": {
        "narHash": "sha256-885yi32OEso1apSVNV9tdvSwx4tk+Taywrwfp9R6PPg=",
        "type": "file",
        "url": "https://github.com/Selectively11/CloudRedirect/releases/latest/download/cloud_redirect.so"
      },
      "original": {
        "type": "file",
        "url": "https://github.com/Selectively11/CloudRedirect/releases/latest/download/cloud_redirect.so"
      }
    },
    "cloudredirect-cli": {
      "flake": false,
      "locked": {
        "narHash": "sha256-694YaLIyMi1YZ06iuDiUlK9qW3zLuax9ghjRhMlOCU0=",
        "type": "file",
        "url": "https://github.com/Selectively11/h3adcr-b/releases/download/linux-test/cloud_redirect_cli"
      },
      "original": {
        "type": "file",
        "url": "https://github.com/Selectively11/h3adcr-b/releases/download/linux-test/cloud_redirect_cli"
      }
    },
    "cloudredirect-moon": {
      "flake": false,
      "locked": {
        "lastModified": 1789795755,
        "narHash": "sha256-NRFl1KbdpvOBBf3ApwhmO1IcYMYokqrwFguxKkE6hZc=",
        "owner": "swwayps",
        "repo": "cloudredirect-moon",
        "rev": "19da05507dc8294a744d74c04ba875d4ca3cf2f7",
        "type": "github"
      },
      "original": {
        "owner": "swwayps",
        "repo": "cloudredirect-moon",
        "type": "github"
      }
    },
    "luatools-moon": {
      "flake": false,
      "locked": {
        "lastModified": 1789796021,
        "narHash": "sha256-5Q1JpX+wqXJeb/PoqS1tPPMkgBEG70X8enX3jLbP7zM=",
        "owner": "swwayps",
        "repo": "luatools-moon",
        "rev": "9edb704938ac54dbc06560b8d78317c74d46b88c",
        "type": "github"
      },
      "original": {
        "owner": "swwayps",
        "repo": "luatools-moon",
        "type": "github"
      }
    },
    "lumen": {
      "flake": false,
      "locked": {
        "lastModified": 1789956874,
        "narHash": "sha256-kop7QhX7HyXCGR4le8jGQNYncn2CgRIMqArYSRfJ1rU=",
        "owner": "swwayps",
        "repo": "lumen",
        "rev": "52475c3ec0bbe2bf0ccdd209d86a40d99a9881fa",
        "type": "github"
      },
      "original": {
        "owner": "swwayps",
        "repo": "lumen",
        "type": "github"
      }
    },
    "millennium": {
      "inputs": {
        "millennium-src": "millennium-src",
        "nixpkgs": "nixpkgs"
      },
      "locked": {
        "dir": "packages/nix",
        "lastModified": 1789326337,
        "narHash": "sha256-FWRCpoKQ8TywKkcCFleTSZRQhbL12JmbFdisaeIRIJU=",
        "owner": "SteamClientHomebrew",
        "repo": "Millennium",
        "rev": "41f7356df31043e8c1429382dda95445530da987",
        "type": "github"
      },
      "original": {
        "dir": "packages/nix",
        "owner": "SteamClientHomebrew",
        "repo": "Millennium",
        "type": "github"
      }
    },
    "millennium-src": {
      "flake": false,
      "locked": {
        "lastModified": 1787082953,
        "narHash": "sha256-zgr4cdJfye4qunpD3ClNnZ9D1WPGQAXV0CnYwEbB52s=",
        "owner": "SteamClientHomebrew",
        "repo": "Millennium",
        "rev": "513b02e809b0eb120ecf0ae12e548798dd756323",
        "type": "github"
      },
      "original": {
        "owner": "SteamClientHomebrew",
        "repo": "Millennium",
        "rev": "513b02e809b0eb120ecf0ae12e548798dd756323",
        "type": "github"
      }
    },
    "nix-flatpak": {
      "locked": {
        "lastModified": 1789496567,
        "narHash": "sha256-f9ze1ph2u0lk/Hm7/w/OvC0ESL1z0LbQ5UDgcOwQzLM=",
        "owner": "gmodena",
        "repo": "nix-flatpak",
        "rev": "07e8980c2fe421c93c0749f6246db34422827f67",
        "type": "github"
      },
      "original": {
        "owner": "gmodena",
        "repo": "nix-flatpak",
        "type": "github"
      }
    },
    "nixpkgs": {
      "locked": {
        "lastModified": 1781577229,
        "narHash": "sha256-lrp67w8AulE9Ks53n27I45ADSzbOCn4H+CNW1Ck8B+8=",
        "owner": "nixos",
        "repo": "nixpkgs",
        "rev": "567a49d1913ce81ac6e9582e3553dd90a955875f",
        "type": "github"
      },
      "original": {
        "owner": "nixos",
        "repo": "nixpkgs",
        "rev": "567a49d1913ce81ac6e9582e3553dd90a955875f",
        "type": "github"
      }
    },
    "nixpkgs_2": {
      "locked": {
        "lastModified": 1789785513,
        "narHash": "sha256-B44WL6h0XoLjJ41bUPJk0X5SDinLCII//6EcBLXKiJ0=",
        "owner": "nixos",
        "repo": "nixpkgs",
        "rev": "20b1ddd1aa5ace70c9468305030aa4f9ef79671b",
        "type": "github"
      },
      "original": {
        "owner": "nixos",
        "ref": "nixos-unstable",
        "repo": "nixpkgs",
        "type": "github"
      }
    },
    "root": {
      "inputs": {
        "accela": "accela",
        "cloudredirect": "cloudredirect",
        "cloudredirect-cli": "cloudredirect-cli",
        "cloudredirect-moon": "cloudredirect-moon",
        "luatools-moon": "luatools-moon",
        "lumen": "lumen",
        "millennium": "millennium",
        "nix-flatpak": "nix-flatpak",
        "nixpkgs": "nixpkgs_2",
        "sls-steam": "sls-steam",
        "slsteam-moon": "slsteam-moon",
        "steamidra": "steamidra",
        "steamnetsock": "steamnetsock"
      }
    },
    "sls-steam": {
      "inputs": {
        "nixpkgs": [
          "nixpkgs"
        ]
      },
      "locked": {
        "lastModified": 1788435466,
        "narHash": "sha256-A6izbjMpkQpQxQDFHx5SXw5/1gwTTzO0Vz+1sjPTGdw=",
        "owner": "AceSLS",
        "repo": "SLSsteam",
        "rev": "71021ad32e47ad4382717f63c53d2d06d44be3bd",
        "type": "github"
      },
      "original": {
        "owner": "AceSLS",
        "repo": "SLSsteam",
        "type": "github"
      }
    },
    "slsteam-moon": {
      "flake": false,
      "locked": {
        "lastModified": 1789842153,
        "narHash": "sha256-homxZL3GKzyihjzk2suWYDNEYG1DvJVhE6wSIs55pVc=",
        "owner": "swwayps",
        "repo": "slsteam-moon",
        "rev": "d4dedf17288220ac5c8bc3557e92880bcfa444ad",
        "type": "github"
      },
      "original": {
        "owner": "swwayps",
        "repo": "slsteam-moon",
        "type": "github"
      }
    },
    "steamidra": {
      "flake": false,
      "locked": {
        "narHash": "sha256-UwrSDHRqmUKb6LyJ6cxusF3HbQjfueswbtvE1akpvw4=",
        "type": "file",
        "url": "https://api.github.com/repos/Midrags/SFF/tags"
      },
      "original": {
        "type": "file",
        "url": "https://api.github.com/repos/Midrags/SFF/tags"
      }
    },
    "steamnetsock": {
      "flake": false,
      "locked": {
        "narHash": "sha256-PcdhlMpnCw2WtH6IKahbxb7cDOjjlBzL8rSLAGIVQcw=",
        "type": "file",
        "url": "https://github.com/yesyes0649/steamnetsock-patch/releases/latest/download/fix.so"
      },
      "original": {
        "type": "file",
        "url": "https://github.com/yesyes0649/steamnetsock-patch/releases/latest/download/fix.so"
      }
    }
  },
  "root": "root",
  "version": 7
}
